
Microsoft Visual Studio Solution File, Format Version 12.00
# Visual Studio 15
VisualStudioVersion = 15.0.27130.2027
MinimumVisualStudioVersion = 10.0.40219.1
Project("{FAE04EC0-301F-11D3-BF4B-00C04F79EFBC}") = "TriangleGeometricLayout", "TriangleGeometricLayout\TriangleGeometricLayout.csproj", "{D466AECB-665B-4BE3-A9CD-D002C43D9981}"
EndProject
Project("{FAE04EC0-301F-11D3-BF4B-00C04F79EFBC}") = "TriangleGeometricLayoutTests", "TriangleGeometricLayoutTests\TriangleGeometricLayoutTests.csproj", "{DA0672DC-2445-4D88-815A-265840C55B50}"
EndProject
Global
	GlobalSection(SolutionConfigurationPlatforms) = preSolution
		Debug|Any CPU = Debug|Any CPU
		Release|Any CPU = Release|Any CPU
	EndGlobalSection
	GlobalSection(ProjectConfigurationPlatforms) = postSolution
		{D466AECB-665B-4BE3-A9CD-D002C43D9981}.Debug|Any CPU.ActiveCfg = Debug|Any CPU
		{D466AECB-665B-4BE3-A9CD-D002C43D9981}.Debug|Any CPU.Build.0 = Debug|Any CPU
		{D466AECB-665B-4BE3-A9CD-D002C43D9981}.Release|Any CPU.ActiveCfg = Release|Any CPU
		{D466AECB-665B-4BE3-A9CD-D002C43D9981}.Release|Any CPU.Build.0 = Release|Any CPU
		{DA0672DC-2445-4D88-815A-265840C55B50}.Debug|Any CPU.ActiveCfg = Debug|Any CPU
		{DA0672DC-2445-4D88-815A-265840C55B50}.Debug|Any CPU.Build.0 = Debug|Any CPU
		{DA0672DC-2445-4D88-815A-265840C55B50}.Release|Any CPU.ActiveCfg = Release|Any CPU
		{DA0672DC-2445-4D88-815A-265840C55B50}.Release|Any CPU.Build.0 = Release|Any CPU
	EndGlobalSection
	GlobalSection(SolutionProperties) = preSolution
		HideSolutionNode = FALSE
	EndGlobalSection
	GlobalSection(ExtensibilityGlobals) = postSolution
		SolutionGuid = {D240694F-CB71-41D9-A041-9D5C8462FE19}
	EndGlobalSection
EndGlobal
